// !$*UTF8*$!
{
	archiveVersion = 1;
	classes = {
	};
	objectVersion = 48;
	objects = {

/* Begin PBXBuildFile section */
		CC3C13CB5C519DADABA34B2B /* Pods_Insyde.framework in Frameworks */ = {isa = PBXBuildFile; fileRef = B517813D1B681753394BE4CE /* Pods_Insyde.framework */; };
		EC2002481FCAEDC900722449 /* DesplegarPublicacionVC.swift in Sources */ = {isa = PBXBuildFile; fileRef = EC2002471FCAEDC900722449 /* DesplegarPublicacionVC.swift */; };
		EC2EFCB11FCA1BEA00A642CC /* CatalogModel.swift in Sources */ = {isa = PBXBuildFile; fileRef = EC2EFCB01FCA1BEA00A642CC /* CatalogModel.swift */; };
		EC2EFCB31FCA27D700A642CC /* CatalogCell.swift in Sources */ = {isa = PBXBuildFile; fileRef = EC2EFCB21FCA27D700A642CC /* CatalogCell.swift */; };
		EC2EFCB71FCA496800A642CC /* DesplegarCatalogoVC.swift in Sources */ = {isa = PBXBuildFile; fileRef = EC2EFCB61FCA496800A642CC /* DesplegarCatalogoVC.swift */; };
		EC2EFCBA1FCA49E900A642CC /* PublicacionModel.swift in Sources */ = {isa = PBXBuildFile; fileRef = EC2EFCB91FCA49E900A642CC /* PublicacionModel.swift */; };
		EC2EFCBC1FCA4A0300A642CC /* PublicacionCell.swift in Sources */ = {isa = PBXBuildFile; fileRef = EC2EFCBB1FCA4A0300A642CC /* PublicacionCell.swift */; };
		EC332B981FCBC6F600819FA3 /* GeoFire.m in Sources */ = {isa = PBXBuildFile; fileRef = EC332B8F1FCBC6F600819FA3 /* GeoFire.m */; };
		EC332B991FCBC6F600819FA3 /* GFBase32Utils.m in Sources */ = {isa = PBXBuildFile; fileRef = EC332B911FCBC6F600819FA3 /* GFBase32Utils.m */; };
		EC332B9A1FCBC6F600819FA3 /* GFGeoHash.m in Sources */ = {isa = PBXBuildFile; fileRef = EC332B931FCBC6F600819FA3 /* GFGeoHash.m */; };
		EC332B9B1FCBC6F600819FA3 /* GFGeoHashQuery.m in Sources */ = {isa = PBXBuildFile; fileRef = EC332B951FCBC6F600819FA3 /* GFGeoHashQuery.m */; };
		EC332B9C1FCBC6F600819FA3 /* GFQuery.m in Sources */ = {isa = PBXBuildFile; fileRef = EC332B971FCBC6F600819FA3 /* GFQuery.m */; };
		EC356D4C1FBF883C00196013 /* GoogleService-Info.plist in Resources */ = {isa = PBXBuildFile; fileRef = EC356D4B1FBF883C00196013 /* GoogleService-Info.plist */; };
		EC4517171FCB4EE70065900D /* ShadowRoundedImage.swift in Sources */ = {isa = PBXBuildFile; fileRef = EC4517161FCB4EE70065900D /* ShadowRoundedImage.swift */; };
		EC6FC76A1FCBD4880046D909 /* InsydeWatch Extension.appex in Embed App Extensions */ = {isa = PBXBuildFile; fileRef = EC6FC7691FCBD4880046D909 /* InsydeWatch Extension.appex */; settings = {ATTRIBUTES = (RemoveHeadersOnCopy, ); }; };
		EC6FC76F1FCBD4880046D909 /* InterfaceController.swift in Sources */ = {isa = PBXBuildFile; fileRef = EC6FC76E1FCBD4880046D909 /* InterfaceController.swift */; };
		EC6FC7711FCBD4880046D909 /* ExtensionDelegate.swift in Sources */ = {isa = PBXBuildFile; fileRef = EC6FC7701FCBD4880046D909 /* ExtensionDelegate.swift */; };
		EC6FC7731FCBD4880046D909 /* NotificationController.swift in Sources */ = {isa = PBXBuildFile; fileRef = EC6FC7721FCBD4880046D909 /* NotificationController.swift */; };
		EC6FC7751FCBD4880046D909 /* Assets.xcassets in Resources */ = {isa = PBXBuildFile; fileRef = EC6FC7741FCBD4880046D909 /* Assets.xcassets */; };
		EC6FC77A1FCBD4880046D909 /* InsydeWatch.app in Embed Watch Content */ = {isa = PBXBuildFile; fileRef = EC6FC75D1FCBD4880046D909 /* InsydeWatch.app */; };
		EC6FC78A1FCBD5310046D909 /* Interface.storyboard in Resources */ = {isa = PBXBuildFile; fileRef = EC6FC7881FCBD5310046D909 /* Interface.storyboard */; };
		EC6FC78E1FCBD5D90046D909 /* Assets.xcassets in Resources */ = {isa = PBXBuildFile; fileRef = EC6FC78D1FCBD5D90046D909 /* Assets.xcassets */; };
		EC6FC7941FCBD67C0046D909 /* InterfaceControllerLast.swift in Sources */ = {isa = PBXBuildFile; fileRef = EC6FC7911FCBD67B0046D909 /* InterfaceControllerLast.swift */; };
		EC6FC7951FCBD67C0046D909 /* FiveTop.swift in Sources */ = {isa = PBXBuildFile; fileRef = EC6FC7921FCBD67C0046D909 /* FiveTop.swift */; };
		EC6FC7961FCBD67C0046D909 /* FiveNew.swift in Sources */ = {isa = PBXBuildFile; fileRef = EC6FC7931FCBD67C0046D909 /* FiveNew.swift */; };
		EC6FC7981FCBD80B0046D909 /* InterfaceControllerNew.swift in Sources */ = {isa = PBXBuildFile; fileRef = EC6FC7971FCBD80B0046D909 /* InterfaceControllerNew.swift */; };
		EC74EC0A1FABF01900CE0301 /* PostCell.swift in Sources */ = {isa = PBXBuildFile; fileRef = EC74EC091FABF01900CE0301 /* PostCell.swift */; };
		EC74EC0D1FAC03BD00CE0301 /* DataService.swift in Sources */ = {isa = PBXBuildFile; fileRef = EC74EC0C1FAC03BD00CE0301 /* DataService.swift */; };
		EC7C07C11FAB434B006E820E /* RoundButton.swift in Sources */ = {isa = PBXBuildFile; fileRef = EC7C07C01FAB434B006E820E /* RoundButton.swift */; };
		EC7C07C31FAB454E006E820E /* ShadowRoundedButton.swift in Sources */ = {isa = PBXBuildFile; fileRef = EC7C07C21FAB454E006E820E /* ShadowRoundedButton.swift */; };
		EC7C07C51FAB46A7006E820E /* SignInTextField.swift in Sources */ = {isa = PBXBuildFile; fileRef = EC7C07C41FAB46A7006E820E /* SignInTextField.swift */; };
		EC9CE3391FBCCBF3002ADAAF /* Post.swift in Sources */ = {isa = PBXBuildFile; fileRef = EC9CE3381FBCCBF3002ADAAF /* Post.swift */; };
		ECA5BBC11FAB8463002203D2 /* FeedVC.swift in Sources */ = {isa = PBXBuildFile; fileRef = ECA5BBC01FAB8463002203D2 /* FeedVC.swift */; };
		ECA5BBC31FABA59C002203D2 /* CircleView.swift in Sources */ = {isa = PBXBuildFile; fileRef = ECA5BBC21FABA59C002203D2 /* CircleView.swift */; };
		ECAA17BD1FA78FAE00BF9B56 /* AppDelegate.swift in Sources */ = {isa = PBXBuildFile; fileRef = ECAA17BC1FA78FAE00BF9B56 /* AppDelegate.swift */; };
		ECAA17BF1FA78FAE00BF9B56 /* SignInVC.swift in Sources */ = {isa = PBXBuildFile; fileRef = ECAA17BE1FA78FAE00BF9B56 /* SignInVC.swift */; };
		ECAA17C21FA78FAE00BF9B56 /* Main.storyboard in Resources */ = {isa = PBXBuildFile; fileRef = ECAA17C01FA78FAE00BF9B56 /* Main.storyboard */; };
		ECAA17C41FA78FAE00BF9B56 /* Assets.xcassets in Resources */ = {isa = PBXBuildFile; fileRef = ECAA17C31FA78FAE00BF9B56 /* Assets.xcassets */; };
		ECAA17C71FA78FAE00BF9B56 /* LaunchScreen.storyboard in Resources */ = {isa = PBXBuildFile; fileRef = ECAA17C51FA78FAE00BF9B56 /* LaunchScreen.storyboard */; };
		ECC69EC91FAA9150000EE1C3 /* TopView.swift in Sources */ = {isa = PBXBuildFile; fileRef = ECC69EC81FAA9150000EE1C3 /* TopView.swift */; };
		ECC69ECC1FAA91CE000EE1C3 /* Constants.swift in Sources */ = {isa = PBXBuildFile; fileRef = ECC69ECB1FAA91CE000EE1C3 /* Constants.swift */; };
		ECD72A621FC0E88A007C0B1C /* CatalogosVC.swift in Sources */ = {isa = PBXBuildFile; fileRef = ECD72A611FC0E88A007C0B1C /* CatalogosVC.swift */; };
/* End PBXBuildFile section */

/* Begin PBXContainerItemProxy section */
		EC6FC76B1FCBD4880046D909 /* PBXContainerItemProxy */ = {
			isa = PBXContainerItemProxy;
			containerPortal = ECAA17B11FA78FAD00BF9B56 /* Project object */;
			proxyType = 1;
			remoteGlobalIDString = EC6FC7681FCBD4880046D909;
			remoteInfo = "InsydeWatch Extension";
		};
		EC6FC7781FCBD4880046D909 /* PBXContainerItemProxy */ = {
			isa = PBXContainerItemProxy;
			containerPortal = ECAA17B11FA78FAD00BF9B56 /* Project object */;
			proxyType = 1;
			remoteGlobalIDString = EC6FC75C1FCBD4880046D909;
			remoteInfo = InsydeWatch;
		};
/* End PBXContainerItemProxy section */

/* Begin PBXCopyFilesBuildPhase section */
		EC6FC7801FCBD4880046D909 /* Embed App Extensions */ = {
			isa = PBXCopyFilesBuildPhase;
			buildActionMask = 2147483647;
			dstPath = "";
			dstSubfolderSpec = 13;
			files = (
				EC6FC76A1FCBD4880046D909 /* InsydeWatch Extension.appex in Embed App Extensions */,
			);
			name = "Embed App Extensions";
			runOnlyForDeploymentPostprocessing = 0;
		};
		EC6FC7821FCBD4880046D909 /* Embed Watch Content */ = {
			isa = PBXCopyFilesBuildPhase;
			buildActionMask = 2147483647;
			dstPath = "$(CONTENTS_FOLDER_PATH)/Watch";
			dstSubfolderSpec = 16;
			files = (
				EC6FC77A1FCBD4880046D909 /* InsydeWatch.app in Embed Watch Content */,
			);
			name = "Embed Watch Content";
			runOnlyForDeploymentPostprocessing = 0;
		};
/* End PBXCopyFilesBuildPhase section */

/* Begin PBXFileReference section */
		4C97DC96FDD134FEEB6725B8 /* Pods-Insyde.release.xcconfig */ = {isa = PBXFileReference; includeInIndex = 1; lastKnownFileType = text.xcconfig; name = "Pods-Insyde.release.xcconfig"; path = "Pods/Target Support Files/Pods-Insyde/Pods-Insyde.release.xcconfig"; sourceTree = "<group>"; };
		54DF988DE6C6922F4D990D6F /* Pods-Insyde.debug.xcconfig */ = {isa = PBXFileReference; includeInIndex = 1; lastKnownFileType = text.xcconfig; name = "Pods-Insyde.debug.xcconfig"; path = "Pods/Target Support Files/Pods-Insyde/Pods-Insyde.debug.xcconfig"; sourceTree = "<group>"; };
		B517813D1B681753394BE4CE /* Pods_Insyde.framework */ = {isa = PBXFileReference; explicitFileType = wrapper.framework; includeInIndex = 0; path = Pods_Insyde.framework; sourceTree = BUILT_PRODUCTS_DIR; };
		EC2002471FCAEDC900722449 /* DesplegarPublicacionVC.swift */ = {isa = PBXFileReference; lastKnownFileType = sourcecode.swift; path = DesplegarPublicacionVC.swift; sourceTree = "<group>"; };
		EC2EFCB01FCA1BEA00A642CC /* CatalogModel.swift */ = {isa = PBXFileReference; lastKnownFileType = sourcecode.swift; path = CatalogModel.swift; sourceTree = "<group>"; };
		EC2EFCB21FCA27D700A642CC /* CatalogCell.swift */ = {isa = PBXFileReference; lastKnownFileType = sourcecode.swift; path = CatalogCell.swift; sourceTree = "<group>"; };
		EC2EFCB61FCA496800A642CC /* DesplegarCatalogoVC.swift */ = {isa = PBXFileReference; lastKnownFileType = sourcecode.swift; path = DesplegarCatalogoVC.swift; sourceTree = "<group>"; };
		EC2EFCB91FCA49E900A642CC /* PublicacionModel.swift */ = {isa = PBXFileReference; lastKnownFileType = sourcecode.swift; path = PublicacionModel.swift; sourceTree = "<group>"; };
		EC2EFCBB1FCA4A0300A642CC /* PublicacionCell.swift */ = {isa = PBXFileReference; lastKnownFileType = sourcecode.swift; path = PublicacionCell.swift; sourceTree = "<group>"; };
		EC332B881FCBC6F600819FA3 /* GeoFire.h */ = {isa = PBXFileReference; fileEncoding = 4; lastKnownFileType = sourcecode.c.h; path = GeoFire.h; sourceTree = "<group>"; };
		EC332B891FCBC6F600819FA3 /* GFCircleQuery.h */ = {isa = PBXFileReference; fileEncoding = 4; lastKnownFileType = sourcecode.c.h; path = GFCircleQuery.h; sourceTree = "<group>"; };
		EC332B8A1FCBC6F600819FA3 /* GFQuery.h */ = {isa = PBXFileReference; fileEncoding = 4; lastKnownFileType = sourcecode.c.h; path = GFQuery.h; sourceTree = "<group>"; };
		EC332B8B1FCBC6F600819FA3 /* GFRegionQuery.h */ = {isa = PBXFileReference; fileEncoding = 4; lastKnownFileType = sourcecode.c.h; path = GFRegionQuery.h; sourceTree = "<group>"; };
		EC332B8C1FCBC6F600819FA3 /* GeoFire-Prefix.pch */ = {isa = PBXFileReference; fileEncoding = 4; lastKnownFileType = sourcecode.c.h; path = "GeoFire-Prefix.pch"; sourceTree = "<group>"; };
		EC332B8E1FCBC6F600819FA3 /* GeoFire+Private.h */ = {isa = PBXFileReference; fileEncoding = 4; lastKnownFileType = sourcecode.c.h; path = "GeoFire+Private.h"; sourceTree = "<group>"; };
		EC332B8F1FCBC6F600819FA3 /* GeoFire.m */ = {isa = PBXFileReference; fileEncoding = 4; lastKnownFileType = sourcecode.c.objc; path = GeoFire.m; sourceTree = "<group>"; };
		EC332B901FCBC6F600819FA3 /* GFBase32Utils.h */ = {isa = PBXFileReference; fileEncoding = 4; lastKnownFileType = sourcecode.c.h; path = GFBase32Utils.h; sourceTree = "<group>"; };
		EC332B911FCBC6F600819FA3 /* GFBase32Utils.m */ = {isa = PBXFileReference; fileEncoding = 4; lastKnownFileType = sourcecode.c.objc; path = GFBase32Utils.m; sourceTree = "<group>"; };
		EC332B921FCBC6F600819FA3 /* GFGeoHash.h */ = {isa = PBXFileReference; fileEncoding = 4; lastKnownFileType = sourcecode.c.h; path = GFGeoHash.h; sourceTree = "<group>"; };
		EC332B931FCBC6F600819FA3 /* GFGeoHash.m */ = {isa = PBXFileReference; fileEncoding = 4; lastKnownFileType = sourcecode.c.objc; path = GFGeoHash.m; sourceTree = "<group>"; };
		EC332B941FCBC6F600819FA3 /* GFGeoHashQuery.h */ = {isa = PBXFileReference; fileEncoding = 4; lastKnownFileType = sourcecode.c.h; path = GFGeoHashQuery.h; sourceTree = "<group>"; };
		EC332B951FCBC6F600819FA3 /* GFGeoHashQuery.m */ = {isa = PBXFileReference; fileEncoding = 4; lastKnownFileType = sourcecode.c.objc; path = GFGeoHashQuery.m; sourceTree = "<group>"; };
		EC332B961FCBC6F600819FA3 /* GFQuery+Private.h */ = {isa = PBXFileReference; fileEncoding = 4; lastKnownFileType = sourcecode.c.h; path = "GFQuery+Private.h"; sourceTree = "<group>"; };
		EC332B971FCBC6F600819FA3 /* GFQuery.m */ = {isa = PBXFileReference; fileEncoding = 4; lastKnownFileType = sourcecode.c.objc; path = GFQuery.m; sourceTree = "<group>"; };
		EC356D4B1FBF883C00196013 /* GoogleService-Info.plist */ = {isa = PBXFileReference; fileEncoding = 4; lastKnownFileType = text.plist.xml; path = "GoogleService-Info.plist"; sourceTree = "<group>"; };
		EC4517161FCB4EE70065900D /* ShadowRoundedImage.swift */ = {isa = PBXFileReference; lastKnownFileType = sourcecode.swift; path = ShadowRoundedImage.swift; sourceTree = "<group>"; };
		EC6FC75D1FCBD4880046D909 /* InsydeWatch.app */ = {isa = PBXFileReference; explicitFileType = wrapper.application; includeInIndex = 0; path = InsydeWatch.app; sourceTree = BUILT_PRODUCTS_DIR; };
		EC6FC7641FCBD4880046D909 /* Info.plist */ = {isa = PBXFileReference; lastKnownFileType = text.plist.xml; path = Info.plist; sourceTree = "<group>"; };
		EC6FC7691FCBD4880046D909 /* InsydeWatch Extension.appex */ = {isa = PBXFileReference; explicitFileType = "wrapper.app-extension"; includeInIndex = 0; path = "InsydeWatch Extension.appex"; sourceTree = BUILT_PRODUCTS_DIR; };
		EC6FC76E1FCBD4880046D909 /* InterfaceController.swift */ = {isa = PBXFileReference; lastKnownFileType = sourcecode.swift; path = InterfaceController.swift; sourceTree = "<group>"; };
		EC6FC7701FCBD4880046D909 /* ExtensionDelegate.swift */ = {isa = PBXFileReference; lastKnownFileType = sourcecode.swift; path = ExtensionDelegate.swift; sourceTree = "<group>"; };
		EC6FC7721FCBD4880046D909 /* NotificationController.swift */ = {isa = PBXFileReference; lastKnownFileType = sourcecode.swift; path = NotificationController.swift; sourceTree = "<group>"; };
		EC6FC7741FCBD4880046D909 /* Assets.xcassets */ = {isa = PBXFileReference; lastKnownFileType = folder.assetcatalog; path = Assets.xcassets; sourceTree = "<group>"; };
		EC6FC7761FCBD4880046D909 /* Info.plist */ = {isa = PBXFileReference; lastKnownFileType = text.plist.xml; path = Info.plist; sourceTree = "<group>"; };
		EC6FC7771FCBD4880046D909 /* PushNotificationPayload.apns */ = {isa = PBXFileReference; lastKnownFileType = text; path = PushNotificationPayload.apns; sourceTree = "<group>"; };
		EC6FC7881FCBD5310046D909 /* Interface.storyboard */ = {isa = PBXFileReference; fileEncoding = 4; lastKnownFileType = file.storyboard; path = Interface.storyboard; sourceTree = "<group>"; };
		EC6FC78D1FCBD5D90046D909 /* Assets.xcassets */ = {isa = PBXFileReference; lastKnownFileType = folder.assetcatalog; path = Assets.xcassets; sourceTree = "<group>"; };
		EC6FC7911FCBD67B0046D909 /* InterfaceControllerLast.swift */ = {isa = PBXFileReference; fileEncoding = 4; lastKnownFileType = sourcecode.swift; path = InterfaceControllerLast.swift; sourceTree = "<group>"; };
		EC6FC7921FCBD67C0046D909 /* FiveTop.swift */ = {isa = PBXFileReference; fileEncoding = 4; lastKnownFileType = sourcecode.swift; path = FiveTop.swift; sourceTree = "<group>"; };
		EC6FC7931FCBD67C0046D909 /* FiveNew.swift */ = {isa = PBXFileReference; fileEncoding = 4; lastKnownFileType = sourcecode.swift; path = FiveNew.swift; sourceTree = "<group>"; };
		EC6FC7971FCBD80B0046D909 /* InterfaceControllerNew.swift */ = {isa = PBXFileReference; fileEncoding = 4; lastKnownFileType = sourcecode.swift; path = InterfaceControllerNew.swift; sourceTree = "<group>"; };
		EC74EC091FABF01900CE0301 /* PostCell.swift */ = {isa = PBXFileReference; lastKnownFileType = sourcecode.swift; path = PostCell.swift; sourceTree = "<group>"; };
		EC74EC0C1FAC03BD00CE0301 /* DataService.swift */ = {isa = PBXFileReference; lastKnownFileType = sourcecode.swift; path = DataService.swift; sourceTree = "<group>"; };
		EC7C07C01FAB434B006E820E /* RoundButton.swift */ = {isa = PBXFileReference; lastKnownFileType = sourcecode.swift; path = RoundButton.swift; sourceTree = "<group>"; };
		EC7C07C21FAB454E006E820E /* ShadowRoundedButton.swift */ = {isa = PBXFileReference; lastKnownFileType = sourcecode.swift; path = ShadowRoundedButton.swift; sourceTree = "<group>"; };
		EC7C07C41FAB46A7006E820E /* SignInTextField.swift */ = {isa = PBXFileReference; lastKnownFileType = sourcecode.swift; path = SignInTextField.swift; sourceTree = "<group>"; };
		EC9CE3381FBCCBF3002ADAAF /* Post.swift */ = {isa = PBXFileReference; lastKnownFileType = sourcecode.swift; path = Post.swift; sourceTree = "<group>"; };
		ECA5BBBB1FAB633A002203D2 /* FBSDKCoreKit.framework */ = {isa = PBXFileReference; lastKnownFileType = wrapper.framework; name = FBSDKCoreKit.framework; path = "../../../Documents/FacebookSDK/FacebookSDKs-iOS-4/FBSDKCoreKit.framework"; sourceTree = "<group>"; };
		ECA5BBBC1FAB633A002203D2 /* Bolts.framework */ = {isa = PBXFileReference; lastKnownFileType = wrapper.framework; name = Bolts.framework; path = "../../../Documents/FacebookSDK/FacebookSDKs-iOS-4/Bolts.framework"; sourceTree = "<group>"; };
		ECA5BBBD1FAB633A002203D2 /* FBSDKLoginKit.framework */ = {isa = PBXFileReference; lastKnownFileType = wrapper.framework; name = FBSDKLoginKit.framework; path = "../../../Documents/FacebookSDK/FacebookSDKs-iOS-4/FBSDKLoginKit.framework"; sourceTree = "<group>"; };
		ECA5BBBE1FAB633A002203D2 /* FBSDKShareKit.framework */ = {isa = PBXFileReference; lastKnownFileType = wrapper.framework; name = FBSDKShareKit.framework; path = "../../../Documents/FacebookSDK/FacebookSDKs-iOS-4/FBSDKShareKit.framework"; sourceTree = "<group>"; };
		ECA5BBBF1FAB7637002203D2 /* Insyde.entitlements */ = {isa = PBXFileReference; lastKnownFileType = text.plist.entitlements; path = Insyde.entitlements; sourceTree = "<group>"; };
		ECA5BBC01FAB8463002203D2 /* FeedVC.swift */ = {isa = PBXFileReference; lastKnownFileType = sourcecode.swift; path = FeedVC.swift; sourceTree = "<group>"; };
		ECA5BBC21FABA59C002203D2 /* CircleView.swift */ = {isa = PBXFileReference; lastKnownFileType = sourcecode.swift; path = CircleView.swift; sourceTree = "<group>"; };
		ECAA17B91FA78FAD00BF9B56 /* Insyde.app */ = {isa = PBXFileReference; explicitFileType = wrapper.application; includeInIndex = 0; path = Insyde.app; sourceTree = BUILT_PRODUCTS_DIR; };
		ECAA17BC1FA78FAE00BF9B56 /* AppDelegate.swift */ = {isa = PBXFileReference; lastKnownFileType = sourcecode.swift; path = AppDelegate.swift; sourceTree = "<group>"; };
		ECAA17BE1FA78FAE00BF9B56 /* SignInVC.swift */ = {isa = PBXFileReference; lastKnownFileType = sourcecode.swift; path = SignInVC.swift; sourceTree = "<group>"; };
		ECAA17C11FA78FAE00BF9B56 /* Base */ = {isa = PBXFileReference; lastKnownFileType = file.storyboard; name = Base; path = Base.lproj/Main.storyboard; sourceTree = "<group>"; };
		ECAA17C31FA78FAE00BF9B56 /* Assets.xcassets */ = {isa = PBXFileReference; lastKnownFileType = folder.assetcatalog; path = Assets.xcassets; sourceTree = "<group>"; };
		ECAA17C61FA78FAE00BF9B56 /* Base */ = {isa = PBXFileReference; lastKnownFileType = file.storyboard; name = Base; path = Base.lproj/LaunchScreen.storyboard; sourceTree = "<group>"; };
		ECAA17C81FA78FAE00BF9B56 /* Info.plist */ = {isa = PBXFileReference; lastKnownFileType = text.plist.xml; path = Info.plist; sourceTree = "<group>"; };
		ECC69EC81FAA9150000EE1C3 /* TopView.swift */ = {isa = PBXFileReference; lastKnownFileType = sourcecode.swift; path = TopView.swift; sourceTree = "<group>"; };
		ECC69ECB1FAA91CE000EE1C3 /* Constants.swift */ = {isa = PBXFileReference; lastKnownFileType = sourcecode.swift; path = Constants.swift; sourceTree = "<group>"; };
		ECD72A611FC0E88A007C0B1C /* CatalogosVC.swift */ = {isa = PBXFileReference; lastKnownFileType = sourcecode.swift; path = CatalogosVC.swift; sourceTree = "<group>"; };
/* End PBXFileReference section */

/* Begin PBXFrameworksBuildPhase section */
		EC6FC7661FCBD4880046D909 /* Frameworks */ = {
			isa = PBXFrameworksBuildPhase;
			buildActionMask = 2147483647;
			files = (
			);
			runOnlyForDeploymentPostprocessing = 0;
		};
		ECAA17B61FA78FAD00BF9B56 /* Frameworks */ = {
			isa = PBXFrameworksBuildPhase;
			buildActionMask = 2147483647;
			files = (
				CC3C13CB5C519DADABA34B2B /* Pods_Insyde.framework in Frameworks */,
			);
			runOnlyForDeploymentPostprocessing = 0;
		};
/* End PBXFrameworksBuildPhase section */

/* Begin PBXGroup section */
		18204F6CC5F644F59807FB0B /* Frameworks */ = {
			isa = PBXGroup;
			children = (
				ECA5BBBC1FAB633A002203D2 /* Bolts.framework */,
				ECA5BBBB1FAB633A002203D2 /* FBSDKCoreKit.framework */,
				ECA5BBBD1FAB633A002203D2 /* FBSDKLoginKit.framework */,
				ECA5BBBE1FAB633A002203D2 /* FBSDKShareKit.framework */,
				B517813D1B681753394BE4CE /* Pods_Insyde.framework */,
			);
			name = Frameworks;
			sourceTree = "<group>";
		};
		5F18392C255E768B70B0E828 /* Pods */ = {
			isa = PBXGroup;
			children = (
				54DF988DE6C6922F4D990D6F /* Pods-Insyde.debug.xcconfig */,
				4C97DC96FDD134FEEB6725B8 /* Pods-Insyde.release.xcconfig */,
			);
			name = Pods;
			sourceTree = "<group>";
		};
		EC332B861FCBC6F600819FA3 /* GeoFire */ = {
			isa = PBXGroup;
			children = (
				EC332B871FCBC6F600819FA3 /* API */,
				EC332B8C1FCBC6F600819FA3 /* GeoFire-Prefix.pch */,
				EC332B8D1FCBC6F600819FA3 /* Implementation */,
			);
			path = GeoFire;
			sourceTree = "<group>";
		};
		EC332B871FCBC6F600819FA3 /* API */ = {
			isa = PBXGroup;
			children = (
				EC332B881FCBC6F600819FA3 /* GeoFire.h */,
				EC332B891FCBC6F600819FA3 /* GFCircleQuery.h */,
				EC332B8A1FCBC6F600819FA3 /* GFQuery.h */,
				EC332B8B1FCBC6F600819FA3 /* GFRegionQuery.h */,
			);
			path = API;
			sourceTree = "<group>";
		};
		EC332B8D1FCBC6F600819FA3 /* Implementation */ = {
			isa = PBXGroup;
			children = (
				EC332B8E1FCBC6F600819FA3 /* GeoFire+Private.h */,
				EC332B8F1FCBC6F600819FA3 /* GeoFire.m */,
				EC332B901FCBC6F600819FA3 /* GFBase32Utils.h */,
				EC332B911FCBC6F600819FA3 /* GFBase32Utils.m */,
				EC332B921FCBC6F600819FA3 /* GFGeoHash.h */,
				EC332B931FCBC6F600819FA3 /* GFGeoHash.m */,
				EC332B941FCBC6F600819FA3 /* GFGeoHashQuery.h */,
				EC332B951FCBC6F600819FA3 /* GFGeoHashQuery.m */,
				EC332B961FCBC6F600819FA3 /* GFQuery+Private.h */,
				EC332B971FCBC6F600819FA3 /* GFQuery.m */,
			);
			path = Implementation;
			sourceTree = "<group>";
		};
		EC5B03581FA7BEA90034DA5A /* Model */ = {
			isa = PBXGroup;
			children = (
				EC9CE3381FBCCBF3002ADAAF /* Post.swift */,
				EC2EFCB01FCA1BEA00A642CC /* CatalogModel.swift */,
				EC2EFCB91FCA49E900A642CC /* PublicacionModel.swift */,
			);
			path = Model;
			sourceTree = "<group>";
		};
		EC5B03591FA7BEC70034DA5A /* View */ = {
			isa = PBXGroup;
			children = (
				ECC69EC81FAA9150000EE1C3 /* TopView.swift */,
				EC7C07C01FAB434B006E820E /* RoundButton.swift */,
				EC7C07C21FAB454E006E820E /* ShadowRoundedButton.swift */,
				EC7C07C41FAB46A7006E820E /* SignInTextField.swift */,
				ECA5BBC21FABA59C002203D2 /* CircleView.swift */,
				EC74EC091FABF01900CE0301 /* PostCell.swift */,
				EC2EFCB21FCA27D700A642CC /* CatalogCell.swift */,
				EC2EFCBB1FCA4A0300A642CC /* PublicacionCell.swift */,
				EC4517161FCB4EE70065900D /* ShadowRoundedImage.swift */,
			);
			path = View;
			sourceTree = "<group>";
		};
		EC5B035A1FA7BECD0034DA5A /* Controller */ = {
			isa = PBXGroup;
			children = (
				ECAA17BE1FA78FAE00BF9B56 /* SignInVC.swift */,
				ECA5BBC01FAB8463002203D2 /* FeedVC.swift */,
				ECD72A611FC0E88A007C0B1C /* CatalogosVC.swift */,
				EC2EFCB61FCA496800A642CC /* DesplegarCatalogoVC.swift */,
				EC2002471FCAEDC900722449 /* DesplegarPublicacionVC.swift */,
			);
			path = Controller;
			sourceTree = "<group>";
		};
		EC6FC75E1FCBD4880046D909 /* InsydeWatch */ = {
			isa = PBXGroup;
			children = (
				EC6FC78D1FCBD5D90046D909 /* Assets.xcassets */,
				EC6FC7881FCBD5310046D909 /* Interface.storyboard */,
				EC6FC7641FCBD4880046D909 /* Info.plist */,
			);
			path = InsydeWatch;
			sourceTree = "<group>";
		};
		EC6FC76D1FCBD4880046D909 /* InsydeWatch Extension */ = {
			isa = PBXGroup;
			children = (
				EC6FC76E1FCBD4880046D909 /* InterfaceController.swift */,
				EC6FC7701FCBD4880046D909 /* ExtensionDelegate.swift */,
				EC6FC7721FCBD4880046D909 /* NotificationController.swift */,
				EC6FC7741FCBD4880046D909 /* Assets.xcassets */,
				EC6FC7761FCBD4880046D909 /* Info.plist */,
				EC6FC7771FCBD4880046D909 /* PushNotificationPayload.apns */,
				EC6FC7971FCBD80B0046D909 /* InterfaceControllerNew.swift */,
				EC6FC7931FCBD67C0046D909 /* FiveNew.swift */,
				EC6FC7921FCBD67C0046D909 /* FiveTop.swift */,
				EC6FC7911FCBD67B0046D909 /* InterfaceControllerLast.swift */,
			);
			path = "InsydeWatch Extension";
			sourceTree = "<group>";
		};
		EC74EC0B1FAC039B00CE0301 /* Services */ = {
			isa = PBXGroup;
			children = (
				EC74EC0C1FAC03BD00CE0301 /* DataService.swift */,
			);
			path = Services;
			sourceTree = "<group>";
		};
		ECAA17B01FA78FAD00BF9B56 = {
			isa = PBXGroup;
			children = (
				ECAA17BB1FA78FAD00BF9B56 /* Insyde */,
				EC6FC75E1FCBD4880046D909 /* InsydeWatch */,
				EC6FC76D1FCBD4880046D909 /* InsydeWatch Extension */,
				ECAA17BA1FA78FAD00BF9B56 /* Products */,
				5F18392C255E768B70B0E828 /* Pods */,
				18204F6CC5F644F59807FB0B /* Frameworks */,
			);
			sourceTree = "<group>";
		};
		ECAA17BA1FA78FAD00BF9B56 /* Products */ = {
			isa = PBXGroup;
			children = (
				ECAA17B91FA78FAD00BF9B56 /* Insyde.app */,
				EC6FC75D1FCBD4880046D909 /* InsydeWatch.app */,
				EC6FC7691FCBD4880046D909 /* InsydeWatch Extension.appex */,
			);
			name = Products;
			sourceTree = "<group>";
		};
		ECAA17BB1FA78FAD00BF9B56 /* Insyde */ = {
			isa = PBXGroup;
			children = (
				EC332B861FCBC6F600819FA3 /* GeoFire */,
				EC356D4B1FBF883C00196013 /* GoogleService-Info.plist */,
				ECA5BBBF1FAB7637002203D2 /* Insyde.entitlements */,
				ECAA17C81FA78FAE00BF9B56 /* Info.plist */,
				ECC69ECA1FAA91AF000EE1C3 /* Utils */,
				EC74EC0B1FAC039B00CE0301 /* Services */,
				EC5B03581FA7BEA90034DA5A /* Model */,
				EC5B035A1FA7BECD0034DA5A /* Controller */,
				EC5B03591FA7BEC70034DA5A /* View */,
				ECAA17BC1FA78FAE00BF9B56 /* AppDelegate.swift */,
				ECAA17C01FA78FAE00BF9B56 /* Main.storyboard */,
				ECAA17C31FA78FAE00BF9B56 /* Assets.xcassets */,
				ECAA17C51FA78FAE00BF9B56 /* LaunchScreen.storyboard */,
			);
			path = Insyde;
			sourceTree = "<group>";
		};
		ECC69ECA1FAA91AF000EE1C3 /* Utils */ = {
			isa = PBXGroup;
			children = (
				ECC69ECB1FAA91CE000EE1C3 /* Constants.swift */,
			);
			path = Utils;
			sourceTree = "<group>";
		};
/* End PBXGroup section */

/* Begin PBXNativeTarget section */
		EC6FC75C1FCBD4880046D909 /* InsydeWatch */ = {
			isa = PBXNativeTarget;
			buildConfigurationList = EC6FC7811FCBD4880046D909 /* Build configuration list for PBXNativeTarget "InsydeWatch" */;
			buildPhases = (
				EC6FC75B1FCBD4880046D909 /* Resources */,
				EC6FC7801FCBD4880046D909 /* Embed App Extensions */,
			);
			buildRules = (
			);
			dependencies = (
				EC6FC76C1FCBD4880046D909 /* PBXTargetDependency */,
			);
			name = InsydeWatch;
			productName = InsydeWatch;
			productReference = EC6FC75D1FCBD4880046D909 /* InsydeWatch.app */;
			productType = "com.apple.product-type.application.watchapp2";
		};
		EC6FC7681FCBD4880046D909 /* InsydeWatch Extension */ = {
			isa = PBXNativeTarget;
			buildConfigurationList = EC6FC77F1FCBD4880046D909 /* Build configuration list for PBXNativeTarget "InsydeWatch Extension" */;
			buildPhases = (
				EC6FC7651FCBD4880046D909 /* Sources */,
				EC6FC7661FCBD4880046D909 /* Frameworks */,
				EC6FC7671FCBD4880046D909 /* Resources */,
			);
			buildRules = (
			);
			dependencies = (
			);
			name = "InsydeWatch Extension";
			productName = "InsydeWatch Extension";
			productReference = EC6FC7691FCBD4880046D909 /* InsydeWatch Extension.appex */;
			productType = "com.apple.product-type.watchkit2-extension";
		};
		ECAA17B81FA78FAD00BF9B56 /* Insyde */ = {
			isa = PBXNativeTarget;
			buildConfigurationList = ECAA17CB1FA78FAE00BF9B56 /* Build configuration list for PBXNativeTarget "Insyde" */;
			buildPhases = (
				D691DFA1E23A5BA622AB8A09 /* [CP] Check Pods Manifest.lock */,
				ECAA17B51FA78FAD00BF9B56 /* Sources */,
				ECAA17B61FA78FAD00BF9B56 /* Frameworks */,
				ECAA17B71FA78FAD00BF9B56 /* Resources */,
				A09245312061BAD7A9743000 /* [CP] Embed Pods Frameworks */,
				F3D79FBE1DEB861ED9CFE96E /* [CP] Copy Pods Resources */,
				EC6FC7821FCBD4880046D909 /* Embed Watch Content */,
			);
			buildRules = (
			);
			dependencies = (
				EC6FC7791FCBD4880046D909 /* PBXTargetDependency */,
			);
			name = Insyde;
			productName = Insyde;
			productReference = ECAA17B91FA78FAD00BF9B56 /* Insyde.app */;
			productType = "com.apple.product-type.application";
		};
/* End PBXNativeTarget section */

/* Begin PBXProject section */
		ECAA17B11FA78FAD00BF9B56 /* Project object */ = {
			isa = PBXProject;
			attributes = {
				LastSwiftUpdateCheck = 0910;
				LastUpgradeCheck = 0900;
				ORGANIZATIONNAME = TonyfiedProductions;
				TargetAttributes = {
					EC6FC75C1FCBD4880046D909 = {
						CreatedOnToolsVersion = 9.1;
						ProvisioningStyle = Automatic;
					};
					EC6FC7681FCBD4880046D909 = {
						CreatedOnToolsVersion = 9.1;
						ProvisioningStyle = Automatic;
					};
					ECAA17B81FA78FAD00BF9B56 = {
						CreatedOnToolsVersion = 9.0;
						ProvisioningStyle = Automatic;
						SystemCapabilities = {
							com.apple.Keychain = {
								enabled = 1;
							};
						};
					};
				};
			};
			buildConfigurationList = ECAA17B41FA78FAD00BF9B56 /* Build configuration list for PBXProject "Insyde" */;
			compatibilityVersion = "Xcode 8.0";
			developmentRegion = en;
			hasScannedForEncodings = 0;
			knownRegions = (
				en,
				Base,
			);
			mainGroup = ECAA17B01FA78FAD00BF9B56;
			productRefGroup = ECAA17BA1FA78FAD00BF9B56 /* Products */;
			projectDirPath = "";
			projectRoot = "";
			targets = (
				ECAA17B81FA78FAD00BF9B56 /* Insyde */,
				EC6FC75C1FCBD4880046D909 /* InsydeWatch */,
				EC6FC7681FCBD4880046D909 /* InsydeWatch Extension */,
			);
		};
/* End PBXProject section */

/* Begin PBXResourcesBuildPhase section */
		EC6FC75B1FCBD4880046D909 /* Resources */ = {
			isa = PBXResourcesBuildPhase;
			buildActionMask = 2147483647;
			files = (
				EC6FC78E1FCBD5D90046D909 /* Assets.xcassets in Resources */,
				EC6FC78A1FCBD5310046D909 /* Interface.storyboard in Resources */,
			);
			runOnlyForDeploymentPostprocessing = 0;
		};
		EC6FC7671FCBD4880046D909 /* Resources */ = {
			isa = PBXResourcesBuildPhase;
			buildActionMask = 2147483647;
			files = (
				EC6FC7751FCBD4880046D909 /* Assets.xcassets in Resources */,
			);
			runOnlyForDeploymentPostprocessing = 0;
		};
		ECAA17B71FA78FAD00BF9B56 /* Resources */ = {
			isa = PBXResourcesBuildPhase;
			buildActionMask = 2147483647;
			files = (
				ECAA17C71FA78FAE00BF9B56 /* LaunchScreen.storyboard in Resources */,
				EC356D4C1FBF883C00196013 /* GoogleService-Info.plist in Resources */,
				ECAA17C41FA78FAE00BF9B56 /* Assets.xcassets in Resources */,
				ECAA17C21FA78FAE00BF9B56 /* Main.storyboard in Resources */,
			);
			runOnlyForDeploymentPostprocessing = 0;
		};
/* End PBXResourcesBuildPhase section */

/* Begin PBXShellScriptBuildPhase section */
		A09245312061BAD7A9743000 /* [CP] Embed Pods Frameworks */ = {
			isa = PBXShellScriptBuildPhase;
			buildActionMask = 2147483647;
			files = (
			);
			inputPaths = (
			);
			name = "[CP] Embed Pods Frameworks";
			outputPaths = (
			);
			runOnlyForDeploymentPostprocessing = 0;
			shellPath = /bin/sh;
			shellScript = "\"${SRCROOT}/Pods/Target Support Files/Pods-Insyde/Pods-Insyde-frameworks.sh\"\n";
			showEnvVarsInLog = 0;
		};
		D691DFA1E23A5BA622AB8A09 /* [CP] Check Pods Manifest.lock */ = {
			isa = PBXShellScriptBuildPhase;
			buildActionMask = 2147483647;
			files = (
			);
			inputPaths = (
			);
			name = "[CP] Check Pods Manifest.lock";
			outputPaths = (
			);
			runOnlyForDeploymentPostprocessing = 0;
			shellPath = /bin/sh;
			shellScript = "diff \"${PODS_PODFILE_DIR_PATH}/Podfile.lock\" \"${PODS_ROOT}/Manifest.lock\" > /dev/null\nif [ $? != 0 ] ; then\n    # print error to STDERR\n    echo \"error: The sandbox is not in sync with the Podfile.lock. Run 'pod install' or update your CocoaPods installation.\" >&2\n    exit 1\nfi\n";
			showEnvVarsInLog = 0;
		};
		F3D79FBE1DEB861ED9CFE96E /* [CP] Copy Pods Resources */ = {
			isa = PBXShellScriptBuildPhase;
			buildActionMask = 2147483647;
			files = (
			);
			inputPaths = (
			);
			name = "[CP] Copy Pods Resources";
			outputPaths = (
			);
			runOnlyForDeploymentPostprocessing = 0;
			shellPath = /bin/sh;
			shellScript = "\"${SRCROOT}/Pods/Target Support Files/Pods-Insyde/Pods-Insyde-resources.sh\"\n";
			showEnvVarsInLog = 0;
		};
/* End PBXShellScriptBuildPhase section */

/* Begin PBXSourcesBuildPhase section */
		EC6FC7651FCBD4880046D909 /* Sources */ = {
			isa = PBXSourcesBuildPhase;
			buildActionMask = 2147483647;
			files = (
				EC6FC7731FCBD4880046D909 /* NotificationController.swift in Sources */,
				EC6FC7941FCBD67C0046D909 /* InterfaceControllerLast.swift in Sources */,
				EC6FC7961FCBD67C0046D909 /* FiveNew.swift in Sources */,
				EC6FC7711FCBD4880046D909 /* ExtensionDelegate.swift in Sources */,
				EC6FC7951FCBD67C0046D909 /* FiveTop.swift in Sources */,
				EC6FC7981FCBD80B0046D909 /* InterfaceControllerNew.swift in Sources */,
				EC6FC76F1FCBD4880046D909 /* InterfaceController.swift in Sources */,
			);
			runOnlyForDeploymentPostprocessing = 0;
		};
		ECAA17B51FA78FAD00BF9B56 /* Sources */ = {
			isa = PBXSourcesBuildPhase;
			buildActionMask = 2147483647;
			files = (
				ECA5BBC31FABA59C002203D2 /* CircleView.swift in Sources */,
				EC4517171FCB4EE70065900D /* ShadowRoundedImage.swift in Sources */,
				EC332B9A1FCBC6F600819FA3 /* GFGeoHash.m in Sources */,
				ECC69EC91FAA9150000EE1C3 /* TopView.swift in Sources */,
				EC7C07C11FAB434B006E820E /* RoundButton.swift in Sources */,
				EC332B9B1FCBC6F600819FA3 /* GFGeoHashQuery.m in Sources */,
				EC2EFCBA1FCA49E900A642CC /* PublicacionModel.swift in Sources */,
				EC9CE3391FBCCBF3002ADAAF /* Post.swift in Sources */,
				ECAA17BF1FA78FAE00BF9B56 /* SignInVC.swift in Sources */,
				EC7C07C51FAB46A7006E820E /* SignInTextField.swift in Sources */,
				EC2EFCB31FCA27D700A642CC /* CatalogCell.swift in Sources */,
				EC74EC0D1FAC03BD00CE0301 /* DataService.swift in Sources */,
				ECD72A621FC0E88A007C0B1C /* CatalogosVC.swift in Sources */,
				EC332B9C1FCBC6F600819FA3 /* GFQuery.m in Sources */,
				ECA5BBC11FAB8463002203D2 /* FeedVC.swift in Sources */,
				EC2EFCBC1FCA4A0300A642CC /* PublicacionCell.swift in Sources */,
				EC2EFCB11FCA1BEA00A642CC /* CatalogModel.swift in Sources */,
				EC332B991FCBC6F600819FA3 /* GFBase32Utils.m in Sources */,
				ECAA17BD1FA78FAE00BF9B56 /* AppDelegate.swift in Sources */,
				ECC69ECC1FAA91CE000EE1C3 /* Constants.swift in Sources */,
				EC2002481FCAEDC900722449 /* DesplegarPublicacionVC.swift in Sources */,
				EC332B981FCBC6F600819FA3 /* GeoFire.m in Sources */,
				EC7C07C31FAB454E006E820E /* ShadowRoundedButton.swift in Sources */,
				EC2EFCB71FCA496800A642CC /* DesplegarCatalogoVC.swift in Sources */,
				EC74EC0A1FABF01900CE0301 /* PostCell.swift in Sources */,
			);
			runOnlyForDeploymentPostprocessing = 0;
		};
/* End PBXSourcesBuildPhase section */

/* Begin PBXTargetDependency section */
		EC6FC76C1FCBD4880046D909 /* PBXTargetDependency */ = {
			isa = PBXTargetDependency;
			target = EC6FC7681FCBD4880046D909 /* InsydeWatch Extension */;
			targetProxy = EC6FC76B1FCBD4880046D909 /* PBXContainerItemProxy */;
		};
		EC6FC7791FCBD4880046D909 /* PBXTargetDependency */ = {
			isa = PBXTargetDependency;
			target = EC6FC75C1FCBD4880046D909 /* InsydeWatch */;
			targetProxy = EC6FC7781FCBD4880046D909 /* PBXContainerItemProxy */;
		};
/* End PBXTargetDependency section */

/* Begin PBXVariantGroup section */
		ECAA17C01FA78FAE00BF9B56 /* Main.storyboard */ = {
			isa = PBXVariantGroup;
			children = (
				ECAA17C11FA78FAE00BF9B56 /* Base */,
			);
			name = Main.storyboard;
			sourceTree = "<group>";
		};
		ECAA17C51FA78FAE00BF9B56 /* LaunchScreen.storyboard */ = {
			isa = PBXVariantGroup;
			children = (
				ECAA17C61FA78FAE00BF9B56 /* Base */,
			);
			name = LaunchScreen.storyboard;
			sourceTree = "<group>";
		};
/* End PBXVariantGroup section */

/* Begin XCBuildConfiguration section */
		EC6FC77B1FCBD4880046D909 /* Debug */ = {
			isa = XCBuildConfiguration;
			buildSettings = {
				ALWAYS_EMBED_SWIFT_STANDARD_LIBRARIES = YES;
				ASSETCATALOG_COMPILER_APPICON_NAME = AppIcon;
				CODE_SIGN_STYLE = Automatic;
				DEVELOPMENT_TEAM = VZC9R4H27R;
				IBSC_MODULE = InsydeWatch_Extension;
				INFOPLIST_FILE = InsydeWatch/Info.plist;
				PRODUCT_BUNDLE_IDENTIFIER = com.tonyfiedproductions.Insyde.watchkitapp;
				PRODUCT_NAME = "$(TARGET_NAME)";
				SDKROOT = watchos;
				SKIP_INSTALL = YES;
				SWIFT_VERSION = 4.0;
				TARGETED_DEVICE_FAMILY = 4;
				WATCHOS_DEPLOYMENT_TARGET = 4.1;
			};
			name = Debug;
		};
		EC6FC77C1FCBD4880046D909 /* Release */ = {
			isa = XCBuildConfiguration;
			buildSettings = {
				ALWAYS_EMBED_SWIFT_STANDARD_LIBRARIES = YES;
				ASSETCATALOG_COMPILER_APPICON_NAME = AppIcon;
				CODE_SIGN_STYLE = Automatic;
				DEVELOPMENT_TEAM = VZC9R4H27R;
				IBSC_MODULE = InsydeWatch_Extension;
				INFOPLIST_FILE = InsydeWatch/Info.plist;
				PRODUCT_BUNDLE_IDENTIFIER = com.tonyfiedproductions.Insyde.watchkitapp;
				PRODUCT_NAME = "$(TARGET_NAME)";
				SDKROOT = watchos;
				SKIP_INSTALL = YES;
				SWIFT_VERSION = 4.0;
				TARGETED_DEVICE_FAMILY = 4;
				WATCHOS_DEPLOYMENT_TARGET = 4.1;
			};
			name = Release;
		};
		EC6FC77D1FCBD4880046D909 /* Debug */ = {
			isa = XCBuildConfiguration;
			buildSettings = {
				ASSETCATALOG_COMPILER_COMPLICATION_NAME = Complication;
				CODE_SIGN_STYLE = Automatic;
				DEVELOPMENT_TEAM = VZC9R4H27R;
				INFOPLIST_FILE = "InsydeWatch Extension/Info.plist";
				LD_RUNPATH_SEARCH_PATHS = "$(inherited) @executable_path/Frameworks @executable_path/../../Frameworks";
				PRODUCT_BUNDLE_IDENTIFIER = com.tonyfiedproductions.Insyde.watchkitapp.watchkitextension;
				PRODUCT_NAME = "${TARGET_NAME}";
				SDKROOT = watchos;
				SKIP_INSTALL = YES;
				SWIFT_VERSION = 4.0;
				TARGETED_DEVICE_FAMILY = 4;
				WATCHOS_DEPLOYMENT_TARGET = 4.1;
			};
			name = Debug;
		};
		EC6FC77E1FCBD4880046D909 /* Release */ = {
			isa = XCBuildConfiguration;
			buildSettings = {
				ASSETCATALOG_COMPILER_COMPLICATION_NAME = Complication;
				CODE_SIGN_STYLE = Automatic;
				DEVELOPMENT_TEAM = VZC9R4H27R;
				INFOPLIST_FILE = "InsydeWatch Extension/Info.plist";
				LD_RUNPATH_SEARCH_PATHS = "$(inherited) @executable_path/Frameworks @executable_path/../../Frameworks";
				PRODUCT_BUNDLE_IDENTIFIER = com.tonyfiedproductions.Insyde.watchkitapp.watchkitextension;
				PRODUCT_NAME = "${TARGET_NAME}";
				SDKROOT = watchos;
				SKIP_INSTALL = YES;
				SWIFT_VERSION = 4.0;
				TARGETED_DEVICE_FAMILY = 4;
				WATCHOS_DEPLOYMENT_TARGET = 4.1;
			};
			name = Release;
		};
		ECAA17C91FA78FAE00BF9B56 /* Debug */ = {
			isa = XCBuildConfiguration;
			buildSettings = {
				ALWAYS_SEARCH_USER_PATHS = NO;
				CLANG_ANALYZER_NONNULL = YES;
				CLANG_ANALYZER_NUMBER_OBJECT_CONVERSION = YES_AGGRESSIVE;
				CLANG_CXX_LANGUAGE_STANDARD = "gnu++14";
				CLANG_CXX_LIBRARY = "libc++";
				CLANG_ENABLE_MODULES = YES;
				CLANG_ENABLE_OBJC_ARC = YES;
				CLANG_WARN_BLOCK_CAPTURE_AUTORELEASING = YES;
				CLANG_WARN_BOOL_CONVERSION = YES;
				CLANG_WARN_COMMA = YES;
				CLANG_WARN_CONSTANT_CONVERSION = YES;
				CLANG_WARN_DIRECT_OBJC_ISA_USAGE = YES_ERROR;
				CLANG_WARN_DOCUMENTATION_COMMENTS = YES;
				CLANG_WARN_EMPTY_BODY = YES;
				CLANG_WARN_ENUM_CONVERSION = YES;
				CLANG_WARN_INFINITE_RECURSION = YES;
				CLANG_WARN_INT_CONVERSION = YES;
				CLANG_WARN_NON_LITERAL_NULL_CONVERSION = YES;
				CLANG_WARN_OBJC_LITERAL_CONVERSION = YES;
				CLANG_WARN_OBJC_ROOT_CLASS = YES_ERROR;
				CLANG_WARN_RANGE_LOOP_ANALYSIS = YES;
				CLANG_WARN_STRICT_PROTOTYPES = YES;
				CLANG_WARN_SUSPICIOUS_MOVE = YES;
				CLANG_WARN_UNGUARDED_AVAILABILITY = YES_AGGRESSIVE;
				CLANG_WARN_UNREACHABLE_CODE = YES;
				CLANG_WARN__DUPLICATE_METHOD_MATCH = YES;
				CODE_SIGN_IDENTITY = "iPhone Developer";
				COPY_PHASE_STRIP = NO;
				DEBUG_INFORMATION_FORMAT = dwarf;
				ENABLE_STRICT_OBJC_MSGSEND = YES;
				ENABLE_TESTABILITY = YES;
				GCC_C_LANGUAGE_STANDARD = gnu11;
				GCC_DYNAMIC_NO_PIC = NO;
				GCC_NO_COMMON_BLOCKS = YES;
				GCC_OPTIMIZATION_LEVEL = 0;
				GCC_PREPROCESSOR_DEFINITIONS = (
					"DEBUG=1",
					"$(inherited)",
				);
				GCC_WARN_64_TO_32_BIT_CONVERSION = YES;
				GCC_WARN_ABOUT_RETURN_TYPE = YES_ERROR;
				GCC_WARN_UNDECLARED_SELECTOR = YES;
				GCC_WARN_UNINITIALIZED_AUTOS = YES_AGGRESSIVE;
				GCC_WARN_UNUSED_FUNCTION = YES;
				GCC_WARN_UNUSED_VARIABLE = YES;
				IPHONEOS_DEPLOYMENT_TARGET = 11.0;
				MTL_ENABLE_DEBUG_INFO = YES;
				ONLY_ACTIVE_ARCH = YES;
				SDKROOT = iphoneos;
				SWIFT_ACTIVE_COMPILATION_CONDITIONS = DEBUG;
				SWIFT_OPTIMIZATION_LEVEL = "-Onone";
			};
			name = Debug;
		};
		ECAA17CA1FA78FAE00BF9B56 /* Release */ = {
			isa = XCBuildConfiguration;
			buildSettings = {
				ALWAYS_SEARCH_USER_PATHS = NO;
				CLANG_ANALYZER_NONNULL = YES;
				CLANG_ANALYZER_NUMBER_OBJECT_CONVERSION = YES_AGGRESSIVE;
				CLANG_CXX_LANGUAGE_STANDARD = "gnu++14";
				CLANG_CXX_LIBRARY = "libc++";
				CLANG_ENABLE_MODULES = YES;
				CLANG_ENABLE_OBJC_ARC = YES;
				CLANG_WARN_BLOCK_CAPTURE_AUTORELEASING = YES;
				CLANG_WARN_BOOL_CONVERSION = YES;
				CLANG_WARN_COMMA = YES;
				CLANG_WARN_CONSTANT_CONVERSION = YES;
				CLANG_WARN_DIRECT_OBJC_ISA_USAGE = YES_ERROR;
				CLANG_WARN_DOCUMENTATION_COMMENTS = YES;
				CLANG_WARN_EMPTY_BODY = YES;
				CLANG_WARN_ENUM_CONVERSION = YES;
				CLANG_WARN_INFINITE_RECURSION = YES;
				CLANG_WARN_INT_CONVERSION = YES;
				CLANG_WARN_NON_LITERAL_NULL_CONVERSION = YES;
				CLANG_WARN_OBJC_LITERAL_CONVERSION = YES;
				CLANG_WARN_OBJC_ROOT_CLASS = YES_ERROR;
				CLANG_WARN_RANGE_LOOP_ANALYSIS = YES;
				CLANG_WARN_STRICT_PROTOTYPES = YES;
				CLANG_WARN_SUSPICIOUS_MOVE = YES;
				CLANG_WARN_UNGUARDED_AVAILABILITY = YES_AGGRESSIVE;
				CLANG_WARN_UNREACHABLE_CODE = YES;
				CLANG_WARN__DUPLICATE_METHOD_MATCH = YES;
				CODE_SIGN_IDENTITY = "iPhone Developer";
				COPY_PHASE_STRIP = NO;
				DEBUG_INFORMATION_FORMAT = "dwarf-with-dsym";
				ENABLE_NS_ASSERTIONS = NO;
				ENABLE_STRICT_OBJC_MSGSEND = YES;
				GCC_C_LANGUAGE_STANDARD = gnu11;
				GCC_NO_COMMON_BLOCKS = YES;
				GCC_WARN_64_TO_32_BIT_CONVERSION = YES;
				GCC_WARN_ABOUT_RETURN_TYPE = YES_ERROR;
				GCC_WARN_UNDECLARED_SELECTOR = YES;
				GCC_WARN_UNINITIALIZED_AUTOS = YES_AGGRESSIVE;
				GCC_WARN_UNUSED_FUNCTION = YES;
				GCC_WARN_UNUSED_VARIABLE = YES;
				IPHONEOS_DEPLOYMENT_TARGET = 11.0;
				MTL_ENABLE_DEBUG_INFO = NO;
				SDKROOT = iphoneos;
				SWIFT_OPTIMIZATION_LEVEL = "-Owholemodule";
				VALIDATE_PRODUCT = YES;
			};
			name = Release;
		};
		ECAA17CC1FA78FAE00BF9B56 /* Debug */ = {
			isa = XCBuildConfiguration;
			baseConfigurationReference = 54DF988DE6C6922F4D990D6F /* Pods-Insyde.debug.xcconfig */;
			buildSettings = {
				ASSETCATALOG_COMPILER_APPICON_NAME = AppIcon;
				CODE_SIGN_ENTITLEMENTS = Insyde/Insyde.entitlements;
				CODE_SIGN_STYLE = Automatic;
				DEVELOPMENT_TEAM = VZC9R4H27R;
				FRAMEWORK_SEARCH_PATHS = (
					"$(inherited)",
					"\"$PODS_CONFIGURATION_BUILD_DIR/Bolts\"",
					"\"$PODS_CONFIGURATION_BUILD_DIR/FBSDKCoreKit\"",
					"\"$PODS_CONFIGURATION_BUILD_DIR/FBSDKLoginKit\"",
					"\"$PODS_CONFIGURATION_BUILD_DIR/GTMSessionFetcher\"",
					"\"$PODS_CONFIGURATION_BUILD_DIR/GoogleToolboxForMac\"",
					"\"$PODS_CONFIGURATION_BUILD_DIR/leveldb-library\"",
					"\"$PODS_CONFIGURATION_BUILD_DIR/nanopb\"",
					"\"${PODS_ROOT}/FirebaseAnalytics/Frameworks\"",
					"\"${PODS_ROOT}/FirebaseAuth/Frameworks\"",
					"\"${PODS_ROOT}/FirebaseCore/Frameworks\"",
					"\"${PODS_ROOT}/FirebaseDatabase/Frameworks\"",
					"\"${PODS_ROOT}/FirebaseInstanceID/Frameworks\"",
					"\"${PODS_ROOT}/FirebaseStorage/Frameworks\"\"/Users/user132086/Documents/FacebookSDK/FacebookSDKs-iOS-4\"",
				);
				INFOPLIST_FILE = Insyde/Info.plist;
				LD_RUNPATH_SEARCH_PATHS = "$(inherited) @executable_path/Frameworks";
				PRODUCT_BUNDLE_IDENTIFIER = com.tonyfiedproductions.Insyde;
				PRODUCT_NAME = "$(TARGET_NAME)";
				SWIFT_VERSION = 4.0;
				TARGETED_DEVICE_FAMILY = "1,2";
			};
			name = Debug;
		};
		ECAA17CD1FA78FAE00BF9B56 /* Release */ = {
			isa = XCBuildConfiguration;
			baseConfigurationReference = 4C97DC96FDD134FEEB6725B8 /* Pods-Insyde.release.xcconfig */;
			buildSettings = {
				ASSETCATALOG_COMPILER_APPICON_NAME = AppIcon;
				CODE_SIGN_ENTITLEMENTS = Insyde/Insyde.entitlements;
				CODE_SIGN_STYLE = Automatic;
				DEVELOPMENT_TEAM = VZC9R4H27R;
				FRAMEWORK_SEARCH_PATHS = (
					"$(inherited)",
					"\"$PODS_CONFIGURATION_BUILD_DIR/Bolts\"",
					"\"$PODS_CONFIGURATION_BUILD_DIR/FBSDKCoreKit\"",
					"\"$PODS_CONFIGURATION_BUILD_DIR/FBSDKLoginKit\"",
					"\"$PODS_CONFIGURATION_BUILD_DIR/GTMSessionFetcher\"",
					"\"$PODS_CONFIGURATION_BUILD_DIR/GoogleToolboxForMac\"",
					"\"$PODS_CONFIGURATION_BUILD_DIR/leveldb-library\"",
					"\"$PODS_CONFIGURATION_BUILD_DIR/nanopb\"",
					"\"${PODS_ROOT}/FirebaseAnalytics/Frameworks\"",
					"\"${PODS_ROOT}/FirebaseAuth/Frameworks\"",
					"\"${PODS_ROOT}/FirebaseCore/Frameworks\"",
					"\"${PODS_ROOT}/FirebaseDatabase/Frameworks\"",
					"\"${PODS_ROOT}/FirebaseInstanceID/Frameworks\"",
					"\"${PODS_ROOT}/FirebaseStorage/Frameworks\"\"/Users/user132086/Documents/FacebookSDK/FacebookSDKs-iOS-4\"",
				);
				INFOPLIST_FILE = Insyde/Info.plist;
				LD_RUNPATH_SEARCH_PATHS = "$(inherited) @executable_path/Frameworks";
				PRODUCT_BUNDLE_IDENTIFIER = com.tonyfiedproductions.Insyde;
				PRODUCT_NAME = "$(TARGET_NAME)";
				SWIFT_VERSION = 4.0;
				TARGETED_DEVICE_FAMILY = "1,2";
			};
			name = Release;
		};
/* End XCBuildConfiguration section */

/* Begin XCConfigurationList section */
		EC6FC77F1FCBD4880046D909 /* Build configuration list for PBXNativeTarget "InsydeWatch Extension" */ = {
			isa = XCConfigurationList;
			buildConfigurations = (
				EC6FC77D1FCBD4880046D909 /* Debug */,
				EC6FC77E1FCBD4880046D909 /* Release */,
			);
			defaultConfigurationIsVisible = 0;
			defaultConfigurationName = Release;
		};
		EC6FC7811FCBD4880046D909 /* Build configuration list for PBXNativeTarget "InsydeWatch" */ = {
			isa = XCConfigurationList;
			buildConfigurations = (
				EC6FC77B1FCBD4880046D909 /* Debug */,
				EC6FC77C1FCBD4880046D909 /* Release */,
			);
			defaultConfigurationIsVisible = 0;
			defaultConfigurationName = Release;
		};
		ECAA17B41FA78FAD00BF9B56 /* Build configuration list for PBXProject "Insyde" */ = {
			isa = XCConfigurationList;
			buildConfigurations = (
				ECAA17C91FA78FAE00BF9B56 /* Debug */,
				ECAA17CA1FA78FAE00BF9B56 /* Release */,
			);
			defaultConfigurationIsVisible = 0;
			defaultConfigurationName = Release;
		};
		ECAA17CB1FA78FAE00BF9B56 /* Build configuration list for PBXNativeTarget "Insyde" */ = {
			isa = XCConfigurationList;
			buildConfigurations = (
				ECAA17CC1FA78FAE00BF9B56 /* Debug */,
				ECAA17CD1FA78FAE00BF9B56 /* Release */,
			);
			defaultConfigurationIsVisible = 0;
			defaultConfigurationName = Release;
		};
/* End XCConfigurationList section */
	};
	rootObject = ECAA17B11FA78FAD00BF9B56 /* Project object */;
}
