// !$*UTF8*$!
{
	archiveVersion = 1;
	classes = {
	};
	objectVersion = 48;
	objects = {

/* Begin PBXBuildFile section */
		CC3C13CB5C519DADABA34B2B /* Pods_Insyde.framework in Frameworks */ = {isa = PBXBuildFile; fileRef = B517813D1B681753394BE4CE /* Pods_Insyde.framework */; };
		EC74EC0A1FABF01900CE0301 /* PostCell.swift in Sources */ = {isa = PBXBuildFile; fileRef = EC74EC091FABF01900CE0301 /* PostCell.swift */; };
		EC74EC0D1FAC03BD00CE0301 /* DataService.swift in Sources */ = {isa = PBXBuildFile; fileRef = EC74EC0C1FAC03BD00CE0301 /* DataService.swift */; };
		EC7C07C11FAB434B006E820E /* RoundButton.swift in Sources */ = {isa = PBXBuildFile; fileRef = EC7C07C01FAB434B006E820E /* RoundButton.swift */; };
		EC7C07C31FAB454E006E820E /* SignInButton.swift in Sources */ = {isa = PBXBuildFile; fileRef = EC7C07C21FAB454E006E820E /* SignInButton.swift */; };
		EC7C07C51FAB46A7006E820E /* SignInTextField.swift in Sources */ = {isa = PBXBuildFile; fileRef = EC7C07C41FAB46A7006E820E /* SignInTextField.swift */; };
		ECA5BBC11FAB8463002203D2 /* FeedVC.swift in Sources */ = {isa = PBXBuildFile; fileRef = ECA5BBC01FAB8463002203D2 /* FeedVC.swift */; };
		ECA5BBC31FABA59C002203D2 /* CircleView.swift in Sources */ = {isa = PBXBuildFile; fileRef = ECA5BBC21FABA59C002203D2 /* CircleView.swift */; };
		ECAA17BD1FA78FAE00BF9B56 /* AppDelegate.swift in Sources */ = {isa = PBXBuildFile; fileRef = ECAA17BC1FA78FAE00BF9B56 /* AppDelegate.swift */; };
		ECAA17BF1FA78FAE00BF9B56 /* SignInVC.swift in Sources */ = {isa = PBXBuildFile; fileRef = ECAA17BE1FA78FAE00BF9B56 /* SignInVC.swift */; };
		ECAA17C21FA78FAE00BF9B56 /* Main.storyboard in Resources */ = {isa = PBXBuildFile; fileRef = ECAA17C01FA78FAE00BF9B56 /* Main.storyboard */; };
		ECAA17C41FA78FAE00BF9B56 /* Assets.xcassets in Resources */ = {isa = PBXBuildFile; fileRef = ECAA17C31FA78FAE00BF9B56 /* Assets.xcassets */; };
		ECAA17C71FA78FAE00BF9B56 /* LaunchScreen.storyboard in Resources */ = {isa = PBXBuildFile; fileRef = ECAA17C51FA78FAE00BF9B56 /* LaunchScreen.storyboard */; };
		ECC69EC91FAA9150000EE1C3 /* TopView.swift in Sources */ = {isa = PBXBuildFile; fileRef = ECC69EC81FAA9150000EE1C3 /* TopView.swift */; };
		ECC69ECC1FAA91CE000EE1C3 /* Constants.swift in Sources */ = {isa = PBXBuildFile; fileRef = ECC69ECB1FAA91CE000EE1C3 /* Constants.swift */; };
		ECF666121FAC1900008D93C2 /* GoogleService-Info.plist in Resources */ = {isa = PBXBuildFile; fileRef = ECF666111FAC1900008D93C2 /* GoogleService-Info.plist */; };
/* End PBXBuildFile section */

/* Begin PBXFileReference section */
		4C97DC96FDD134FEEB6725B8 /* Pods-Insyde.release.xcconfig */ = {isa = PBXFileReference; includeInIndex = 1; lastKnownFileType = text.xcconfig; name = "Pods-Insyde.release.xcconfig"; path = "Pods/Target Support Files/Pods-Insyde/Pods-Insyde.release.xcconfig"; sourceTree = "<group>"; };
		54DF988DE6C6922F4D990D6F /* Pods-Insyde.debug.xcconfig */ = {isa = PBXFileReference; includeInIndex = 1; lastKnownFileType = text.xcconfig; name = "Pods-Insyde.debug.xcconfig"; path = "Pods/Target Support Files/Pods-Insyde/Pods-Insyde.debug.xcconfig"; sourceTree = "<group>"; };
		B517813D1B681753394BE4CE /* Pods_Insyde.framework */ = {isa = PBXFileReference; explicitFileType = wrapper.framework; includeInIndex = 0; path = Pods_Insyde.framework; sourceTree = BUILT_PRODUCTS_DIR; };
		EC74EC091FABF01900CE0301 /* PostCell.swift */ = {isa = PBXFileReference; lastKnownFileType = sourcecode.swift; path = PostCell.swift; sourceTree = "<group>"; };
		EC74EC0C1FAC03BD00CE0301 /* DataService.swift */ = {isa = PBXFileReference; lastKnownFileType = sourcecode.swift; path = DataService.swift; sourceTree = "<group>"; };
		EC7C07C01FAB434B006E820E /* RoundButton.swift */ = {isa = PBXFileReference; lastKnownFileType = sourcecode.swift; path = RoundButton.swift; sourceTree = "<group>"; };
		EC7C07C21FAB454E006E820E /* SignInButton.swift */ = {isa = PBXFileReference; lastKnownFileType = sourcecode.swift; path = SignInButton.swift; sourceTree = "<group>"; };
		EC7C07C41FAB46A7006E820E /* SignInTextField.swift */ = {isa = PBXFileReference; lastKnownFileType = sourcecode.swift; path = SignInTextField.swift; sourceTree = "<group>"; };
		ECA5BBBB1FAB633A002203D2 /* FBSDKCoreKit.framework */ = {isa = PBXFileReference; lastKnownFileType = wrapper.framework; name = FBSDKCoreKit.framework; path = "../../../Documents/FacebookSDK/FacebookSDKs-iOS-4/FBSDKCoreKit.framework"; sourceTree = "<group>"; };
		ECA5BBBC1FAB633A002203D2 /* Bolts.framework */ = {isa = PBXFileReference; lastKnownFileType = wrapper.framework; name = Bolts.framework; path = "../../../Documents/FacebookSDK/FacebookSDKs-iOS-4/Bolts.framework"; sourceTree = "<group>"; };
		ECA5BBBD1FAB633A002203D2 /* FBSDKLoginKit.framework */ = {isa = PBXFileReference; lastKnownFileType = wrapper.framework; name = FBSDKLoginKit.framework; path = "../../../Documents/FacebookSDK/FacebookSDKs-iOS-4/FBSDKLoginKit.framework"; sourceTree = "<group>"; };
		ECA5BBBE1FAB633A002203D2 /* FBSDKShareKit.framework */ = {isa = PBXFileReference; lastKnownFileType = wrapper.framework; name = FBSDKShareKit.framework; path = "../../../Documents/FacebookSDK/FacebookSDKs-iOS-4/FBSDKShareKit.framework"; sourceTree = "<group>"; };
		ECA5BBBF1FAB7637002203D2 /* Insyde.entitlements */ = {isa = PBXFileReference; lastKnownFileType = text.plist.entitlements; path = Insyde.entitlements; sourceTree = "<group>"; };
		ECA5BBC01FAB8463002203D2 /* FeedVC.swift */ = {isa = PBXFileReference; lastKnownFileType = sourcecode.swift; path = FeedVC.swift; sourceTree = "<group>"; };
		ECA5BBC21FABA59C002203D2 /* CircleView.swift */ = {isa = PBXFileReference; lastKnownFileType = sourcecode.swift; path = CircleView.swift; sourceTree = "<group>"; };
		ECAA17B91FA78FAD00BF9B56 /* Insyde.app */ = {isa = PBXFileReference; explicitFileType = wrapper.application; includeInIndex = 0; path = Insyde.app; sourceTree = BUILT_PRODUCTS_DIR; };
		ECAA17BC1FA78FAE00BF9B56 /* AppDelegate.swift */ = {isa = PBXFileReference; lastKnownFileType = sourcecode.swift; path = AppDelegate.swift; sourceTree = "<group>"; };
		ECAA17BE1FA78FAE00BF9B56 /* SignInVC.swift */ = {isa = PBXFileReference; lastKnownFileType = sourcecode.swift; path = SignInVC.swift; sourceTree = "<group>"; };
		ECAA17C11FA78FAE00BF9B56 /* Base */ = {isa = PBXFileReference; lastKnownFileType = file.storyboard; name = Base; path = Base.lproj/Main.storyboard; sourceTree = "<group>"; };
		ECAA17C31FA78FAE00BF9B56 /* Assets.xcassets */ = {isa = PBXFileReference; lastKnownFileType = folder.assetcatalog; path = Assets.xcassets; sourceTree = "<group>"; };
		ECAA17C61FA78FAE00BF9B56 /* Base */ = {isa = PBXFileReference; lastKnownFileType = file.storyboard; name = Base; path = Base.lproj/LaunchScreen.storyboard; sourceTree = "<group>"; };
		ECAA17C81FA78FAE00BF9B56 /* Info.plist */ = {isa = PBXFileReference; lastKnownFileType = text.plist.xml; path = Info.plist; sourceTree = "<group>"; };
		ECC69EC81FAA9150000EE1C3 /* TopView.swift */ = {isa = PBXFileReference; lastKnownFileType = sourcecode.swift; path = TopView.swift; sourceTree = "<group>"; };
		ECC69ECB1FAA91CE000EE1C3 /* Constants.swift */ = {isa = PBXFileReference; lastKnownFileType = sourcecode.swift; path = Constants.swift; sourceTree = "<group>"; };
		ECF666111FAC1900008D93C2 /* GoogleService-Info.plist */ = {isa = PBXFileReference; fileEncoding = 4; lastKnownFileType = text.plist.xml; name = "GoogleService-Info.plist"; path = "../../../../Downloads/GoogleService-Info.plist"; sourceTree = "<group>"; };
/* End PBXFileReference section */

/* Begin PBXFrameworksBuildPhase section */
		ECAA17B61FA78FAD00BF9B56 /* Frameworks */ = {
			isa = PBXFrameworksBuildPhase;
			buildActionMask = 2147483647;
			files = (
				CC3C13CB5C519DADABA34B2B /* Pods_Insyde.framework in Frameworks */,
			);
			runOnlyForDeploymentPostprocessing = 0;
		};
/* End PBXFrameworksBuildPhase section */

/* Begin PBXGroup section */
		18204F6CC5F644F59807FB0B /* Frameworks */ = {
			isa = PBXGroup;
			children = (
				ECA5BBBC1FAB633A002203D2 /* Bolts.framework */,
				ECA5BBBB1FAB633A002203D2 /* FBSDKCoreKit.framework */,
				ECA5BBBD1FAB633A002203D2 /* FBSDKLoginKit.framework */,
				ECA5BBBE1FAB633A002203D2 /* FBSDKShareKit.framework */,
				B517813D1B681753394BE4CE /* Pods_Insyde.framework */,
			);
			name = Frameworks;
			sourceTree = "<group>";
		};
		5F18392C255E768B70B0E828 /* Pods */ = {
			isa = PBXGroup;
			children = (
				54DF988DE6C6922F4D990D6F /* Pods-Insyde.debug.xcconfig */,
				4C97DC96FDD134FEEB6725B8 /* Pods-Insyde.release.xcconfig */,
			);
			name = Pods;
			sourceTree = "<group>";
		};
		EC5B03581FA7BEA90034DA5A /* Model */ = {
			isa = PBXGroup;
			children = (
			);
			path = Model;
			sourceTree = "<group>";
		};
		EC5B03591FA7BEC70034DA5A /* View */ = {
			isa = PBXGroup;
			children = (
				ECC69EC81FAA9150000EE1C3 /* TopView.swift */,
				EC7C07C01FAB434B006E820E /* RoundButton.swift */,
				EC7C07C21FAB454E006E820E /* SignInButton.swift */,
				EC7C07C41FAB46A7006E820E /* SignInTextField.swift */,
				ECA5BBC21FABA59C002203D2 /* CircleView.swift */,
				EC74EC091FABF01900CE0301 /* PostCell.swift */,
			);
			path = View;
			sourceTree = "<group>";
		};
		EC5B035A1FA7BECD0034DA5A /* Controller */ = {
			isa = PBXGroup;
			children = (
				ECAA17BE1FA78FAE00BF9B56 /* SignInVC.swift */,
				ECA5BBC01FAB8463002203D2 /* FeedVC.swift */,
			);
			path = Controller;
			sourceTree = "<group>";
		};
		EC74EC0B1FAC039B00CE0301 /* Services */ = {
			isa = PBXGroup;
			children = (
				EC74EC0C1FAC03BD00CE0301 /* DataService.swift */,
			);
			path = Services;
			sourceTree = "<group>";
		};
		ECAA17B01FA78FAD00BF9B56 = {
			isa = PBXGroup;
			children = (
				ECAA17BB1FA78FAD00BF9B56 /* Insyde */,
				ECAA17BA1FA78FAD00BF9B56 /* Products */,
				5F18392C255E768B70B0E828 /* Pods */,
				18204F6CC5F644F59807FB0B /* Frameworks */,
			);
			sourceTree = "<group>";
		};
		ECAA17BA1FA78FAD00BF9B56 /* Products */ = {
			isa = PBXGroup;
			children = (
				ECAA17B91FA78FAD00BF9B56 /* Insyde.app */,
			);
			name = Products;
			sourceTree = "<group>";
		};
		ECAA17BB1FA78FAD00BF9B56 /* Insyde */ = {
			isa = PBXGroup;
			children = (
				ECF666111FAC1900008D93C2 /* GoogleService-Info.plist */,
				EC74EC0B1FAC039B00CE0301 /* Services */,
				ECA5BBBF1FAB7637002203D2 /* Insyde.entitlements */,
				ECC69ECA1FAA91AF000EE1C3 /* Utils */,
				ECAA17C81FA78FAE00BF9B56 /* Info.plist */,
				EC5B035A1FA7BECD0034DA5A /* Controller */,
				EC5B03591FA7BEC70034DA5A /* View */,
				EC5B03581FA7BEA90034DA5A /* Model */,
				ECAA17BC1FA78FAE00BF9B56 /* AppDelegate.swift */,
				ECAA17C01FA78FAE00BF9B56 /* Main.storyboard */,
				ECAA17C31FA78FAE00BF9B56 /* Assets.xcassets */,
				ECAA17C51FA78FAE00BF9B56 /* LaunchScreen.storyboard */,
			);
			path = Insyde;
			sourceTree = "<group>";
		};
		ECC69ECA1FAA91AF000EE1C3 /* Utils */ = {
			isa = PBXGroup;
			children = (
				ECC69ECB1FAA91CE000EE1C3 /* Constants.swift */,
			);
			path = Utils;
			sourceTree = "<group>";
		};
/* End PBXGroup section */

/* Begin PBXNativeTarget section */
		ECAA17B81FA78FAD00BF9B56 /* Insyde */ = {
			isa = PBXNativeTarget;
			buildConfigurationList = ECAA17CB1FA78FAE00BF9B56 /* Build configuration list for PBXNativeTarget "Insyde" */;
			buildPhases = (
				D691DFA1E23A5BA622AB8A09 /* [CP] Check Pods Manifest.lock */,
				ECAA17B51FA78FAD00BF9B56 /* Sources */,
				ECAA17B61FA78FAD00BF9B56 /* Frameworks */,
				ECAA17B71FA78FAD00BF9B56 /* Resources */,
				A09245312061BAD7A9743000 /* [CP] Embed Pods Frameworks */,
				F3D79FBE1DEB861ED9CFE96E /* [CP] Copy Pods Resources */,
			);
			buildRules = (
			);
			dependencies = (
			);
			name = Insyde;
			productName = Insyde;
			productReference = ECAA17B91FA78FAD00BF9B56 /* Insyde.app */;
			productType = "com.apple.product-type.application";
		};
/* End PBXNativeTarget section */

/* Begin PBXProject section */
		ECAA17B11FA78FAD00BF9B56 /* Project object */ = {
			isa = PBXProject;
			attributes = {
				LastSwiftUpdateCheck = 0900;
				LastUpgradeCheck = 0900;
				ORGANIZATIONNAME = TonyfiedProductions;
				TargetAttributes = {
					ECAA17B81FA78FAD00BF9B56 = {
						CreatedOnToolsVersion = 9.0;
						ProvisioningStyle = Automatic;
						SystemCapabilities = {
							com.apple.Keychain = {
								enabled = 1;
							};
						};
					};
				};
			};
			buildConfigurationList = ECAA17B41FA78FAD00BF9B56 /* Build configuration list for PBXProject "Insyde" */;
			compatibilityVersion = "Xcode 8.0";
			developmentRegion = en;
			hasScannedForEncodings = 0;
			knownRegions = (
				en,
				Base,
			);
			mainGroup = ECAA17B01FA78FAD00BF9B56;
			productRefGroup = ECAA17BA1FA78FAD00BF9B56 /* Products */;
			projectDirPath = "";
			projectRoot = "";
			targets = (
				ECAA17B81FA78FAD00BF9B56 /* Insyde */,
			);
		};
/* End PBXProject section */

/* Begin PBXResourcesBuildPhase section */
		ECAA17B71FA78FAD00BF9B56 /* Resources */ = {
			isa = PBXResourcesBuildPhase;
			buildActionMask = 2147483647;
			files = (
				ECAA17C71FA78FAE00BF9B56 /* LaunchScreen.storyboard in Resources */,
				ECF666121FAC1900008D93C2 /* GoogleService-Info.plist in Resources */,
				ECAA17C41FA78FAE00BF9B56 /* Assets.xcassets in Resources */,
				ECAA17C21FA78FAE00BF9B56 /* Main.storyboard in Resources */,
			);
			runOnlyForDeploymentPostprocessing = 0;
		};
/* End PBXResourcesBuildPhase section */

/* Begin PBXShellScriptBuildPhase section */
		A09245312061BAD7A9743000 /* [CP] Embed Pods Frameworks */ = {
			isa = PBXShellScriptBuildPhase;
			buildActionMask = 2147483647;
			files = (
			);
			inputPaths = (
			);
			name = "[CP] Embed Pods Frameworks";
			outputPaths = (
			);
			runOnlyForDeploymentPostprocessing = 0;
			shellPath = /bin/sh;
			shellScript = "\"${SRCROOT}/Pods/Target Support Files/Pods-Insyde/Pods-Insyde-frameworks.sh\"\n";
			showEnvVarsInLog = 0;
		};
		D691DFA1E23A5BA622AB8A09 /* [CP] Check Pods Manifest.lock */ = {
			isa = PBXShellScriptBuildPhase;
			buildActionMask = 2147483647;
			files = (
			);
			inputPaths = (
			);
			name = "[CP] Check Pods Manifest.lock";
			outputPaths = (
			);
			runOnlyForDeploymentPostprocessing = 0;
			shellPath = /bin/sh;
			shellScript = "diff \"${PODS_PODFILE_DIR_PATH}/Podfile.lock\" \"${PODS_ROOT}/Manifest.lock\" > /dev/null\nif [ $? != 0 ] ; then\n    # print error to STDERR\n    echo \"error: The sandbox is not in sync with the Podfile.lock. Run 'pod install' or update your CocoaPods installation.\" >&2\n    exit 1\nfi\n";
			showEnvVarsInLog = 0;
		};
		F3D79FBE1DEB861ED9CFE96E /* [CP] Copy Pods Resources */ = {
			isa = PBXShellScriptBuildPhase;
			buildActionMask = 2147483647;
			files = (
			);
			inputPaths = (
			);
			name = "[CP] Copy Pods Resources";
			outputPaths = (
			);
			runOnlyForDeploymentPostprocessing = 0;
			shellPath = /bin/sh;
			shellScript = "\"${SRCROOT}/Pods/Target Support Files/Pods-Insyde/Pods-Insyde-resources.sh\"\n";
			showEnvVarsInLog = 0;
		};
/* End PBXShellScriptBuildPhase section */

/* Begin PBXSourcesBuildPhase section */
		ECAA17B51FA78FAD00BF9B56 /* Sources */ = {
			isa = PBXSourcesBuildPhase;
			buildActionMask = 2147483647;
			files = (
				ECA5BBC31FABA59C002203D2 /* CircleView.swift in Sources */,
				ECC69EC91FAA9150000EE1C3 /* TopView.swift in Sources */,
				EC7C07C11FAB434B006E820E /* RoundButton.swift in Sources */,
				ECAA17BF1FA78FAE00BF9B56 /* SignInVC.swift in Sources */,
				EC7C07C51FAB46A7006E820E /* SignInTextField.swift in Sources */,
				EC74EC0D1FAC03BD00CE0301 /* DataService.swift in Sources */,
				ECA5BBC11FAB8463002203D2 /* FeedVC.swift in Sources */,
				ECAA17BD1FA78FAE00BF9B56 /* AppDelegate.swift in Sources */,
				ECC69ECC1FAA91CE000EE1C3 /* Constants.swift in Sources */,
				EC7C07C31FAB454E006E820E /* SignInButton.swift in Sources */,
				EC74EC0A1FABF01900CE0301 /* PostCell.swift in Sources */,
			);
			runOnlyForDeploymentPostprocessing = 0;
		};
/* End PBXSourcesBuildPhase section */

/* Begin PBXVariantGroup section */
		ECAA17C01FA78FAE00BF9B56 /* Main.storyboard */ = {
			isa = PBXVariantGroup;
			children = (
				ECAA17C11FA78FAE00BF9B56 /* Base */,
			);
			name = Main.storyboard;
			sourceTree = "<group>";
		};
		ECAA17C51FA78FAE00BF9B56 /* LaunchScreen.storyboard */ = {
			isa = PBXVariantGroup;
			children = (
				ECAA17C61FA78FAE00BF9B56 /* Base */,
			);
			name = LaunchScreen.storyboard;
			sourceTree = "<group>";
		};
/* End PBXVariantGroup section */

/* Begin XCBuildConfiguration section */
		ECAA17C91FA78FAE00BF9B56 /* Debug */ = {
			isa = XCBuildConfiguration;
			buildSettings = {
				ALWAYS_SEARCH_USER_PATHS = NO;
				CLANG_ANALYZER_NONNULL = YES;
				CLANG_ANALYZER_NUMBER_OBJECT_CONVERSION = YES_AGGRESSIVE;
				CLANG_CXX_LANGUAGE_STANDARD = "gnu++14";
				CLANG_CXX_LIBRARY = "libc++";
				CLANG_ENABLE_MODULES = YES;
				CLANG_ENABLE_OBJC_ARC = YES;
				CLANG_WARN_BLOCK_CAPTURE_AUTORELEASING = YES;
				CLANG_WARN_BOOL_CONVERSION = YES;
				CLANG_WARN_COMMA = YES;
				CLANG_WARN_CONSTANT_CONVERSION = YES;
				CLANG_WARN_DIRECT_OBJC_ISA_USAGE = YES_ERROR;
				CLANG_WARN_DOCUMENTATION_COMMENTS = YES;
				CLANG_WARN_EMPTY_BODY = YES;
				CLANG_WARN_ENUM_CONVERSION = YES;
				CLANG_WARN_INFINITE_RECURSION = YES;
				CLANG_WARN_INT_CONVERSION = YES;
				CLANG_WARN_NON_LITERAL_NULL_CONVERSION = YES;
				CLANG_WARN_OBJC_LITERAL_CONVERSION = YES;
				CLANG_WARN_OBJC_ROOT_CLASS = YES_ERROR;
				CLANG_WARN_RANGE_LOOP_ANALYSIS = YES;
				CLANG_WARN_STRICT_PROTOTYPES = YES;
				CLANG_WARN_SUSPICIOUS_MOVE = YES;
				CLANG_WARN_UNGUARDED_AVAILABILITY = YES_AGGRESSIVE;
				CLANG_WARN_UNREACHABLE_CODE = YES;
				CLANG_WARN__DUPLICATE_METHOD_MATCH = YES;
				CODE_SIGN_IDENTITY = "iPhone Developer";
				COPY_PHASE_STRIP = NO;
				DEBUG_INFORMATION_FORMAT = dwarf;
				ENABLE_STRICT_OBJC_MSGSEND = YES;
				ENABLE_TESTABILITY = YES;
				GCC_C_LANGUAGE_STANDARD = gnu11;
				GCC_DYNAMIC_NO_PIC = NO;
				GCC_NO_COMMON_BLOCKS = YES;
				GCC_OPTIMIZATION_LEVEL = 0;
				GCC_PREPROCESSOR_DEFINITIONS = (
					"DEBUG=1",
					"$(inherited)",
				);
				GCC_WARN_64_TO_32_BIT_CONVERSION = YES;
				GCC_WARN_ABOUT_RETURN_TYPE = YES_ERROR;
				GCC_WARN_UNDECLARED_SELECTOR = YES;
				GCC_WARN_UNINITIALIZED_AUTOS = YES_AGGRESSIVE;
				GCC_WARN_UNUSED_FUNCTION = YES;
				GCC_WARN_UNUSED_VARIABLE = YES;
				IPHONEOS_DEPLOYMENT_TARGET = 11.0;
				MTL_ENABLE_DEBUG_INFO = YES;
				ONLY_ACTIVE_ARCH = YES;
				SDKROOT = iphoneos;
				SWIFT_ACTIVE_COMPILATION_CONDITIONS = DEBUG;
				SWIFT_OPTIMIZATION_LEVEL = "-Onone";
			};
			name = Debug;
		};
		ECAA17CA1FA78FAE00BF9B56 /* Release */ = {
			isa = XCBuildConfiguration;
			buildSettings = {
				ALWAYS_SEARCH_USER_PATHS = NO;
				CLANG_ANALYZER_NONNULL = YES;
				CLANG_ANALYZER_NUMBER_OBJECT_CONVERSION = YES_AGGRESSIVE;
				CLANG_CXX_LANGUAGE_STANDARD = "gnu++14";
				CLANG_CXX_LIBRARY = "libc++";
				CLANG_ENABLE_MODULES = YES;
				CLANG_ENABLE_OBJC_ARC = YES;
				CLANG_WARN_BLOCK_CAPTURE_AUTORELEASING = YES;
				CLANG_WARN_BOOL_CONVERSION = YES;
				CLANG_WARN_COMMA = YES;
				CLANG_WARN_CONSTANT_CONVERSION = YES;
				CLANG_WARN_DIRECT_OBJC_ISA_USAGE = YES_ERROR;
				CLANG_WARN_DOCUMENTATION_COMMENTS = YES;
				CLANG_WARN_EMPTY_BODY = YES;
				CLANG_WARN_ENUM_CONVERSION = YES;
				CLANG_WARN_INFINITE_RECURSION = YES;
				CLANG_WARN_INT_CONVERSION = YES;
				CLANG_WARN_NON_LITERAL_NULL_CONVERSION = YES;
				CLANG_WARN_OBJC_LITERAL_CONVERSION = YES;
				CLANG_WARN_OBJC_ROOT_CLASS = YES_ERROR;
				CLANG_WARN_RANGE_LOOP_ANALYSIS = YES;
				CLANG_WARN_STRICT_PROTOTYPES = YES;
				CLANG_WARN_SUSPICIOUS_MOVE = YES;
				CLANG_WARN_UNGUARDED_AVAILABILITY = YES_AGGRESSIVE;
				CLANG_WARN_UNREACHABLE_CODE = YES;
				CLANG_WARN__DUPLICATE_METHOD_MATCH = YES;
				CODE_SIGN_IDENTITY = "iPhone Developer";
				COPY_PHASE_STRIP = NO;
				DEBUG_INFORMATION_FORMAT = "dwarf-with-dsym";
				ENABLE_NS_ASSERTIONS = NO;
				ENABLE_STRICT_OBJC_MSGSEND = YES;
				GCC_C_LANGUAGE_STANDARD = gnu11;
				GCC_NO_COMMON_BLOCKS = YES;
				GCC_WARN_64_TO_32_BIT_CONVERSION = YES;
				GCC_WARN_ABOUT_RETURN_TYPE = YES_ERROR;
				GCC_WARN_UNDECLARED_SELECTOR = YES;
				GCC_WARN_UNINITIALIZED_AUTOS = YES_AGGRESSIVE;
				GCC_WARN_UNUSED_FUNCTION = YES;
				GCC_WARN_UNUSED_VARIABLE = YES;
				IPHONEOS_DEPLOYMENT_TARGET = 11.0;
				MTL_ENABLE_DEBUG_INFO = NO;
				SDKROOT = iphoneos;
				SWIFT_OPTIMIZATION_LEVEL = "-Owholemodule";
				VALIDATE_PRODUCT = YES;
			};
			name = Release;
		};
		ECAA17CC1FA78FAE00BF9B56 /* Debug */ = {
			isa = XCBuildConfiguration;
			baseConfigurationReference = 54DF988DE6C6922F4D990D6F /* Pods-Insyde.debug.xcconfig */;
			buildSettings = {
				ASSETCATALOG_COMPILER_APPICON_NAME = AppIcon;
				CODE_SIGN_ENTITLEMENTS = Insyde/Insyde.entitlements;
				CODE_SIGN_STYLE = Automatic;
				DEVELOPMENT_TEAM = VZC9R4H27R;
				FRAMEWORK_SEARCH_PATHS = (
					"$(inherited)",
					"\"$PODS_CONFIGURATION_BUILD_DIR/Bolts\"",
					"\"$PODS_CONFIGURATION_BUILD_DIR/FBSDKCoreKit\"",
					"\"$PODS_CONFIGURATION_BUILD_DIR/FBSDKLoginKit\"",
					"\"$PODS_CONFIGURATION_BUILD_DIR/GTMSessionFetcher\"",
					"\"$PODS_CONFIGURATION_BUILD_DIR/GoogleToolboxForMac\"",
					"\"$PODS_CONFIGURATION_BUILD_DIR/leveldb-library\"",
					"\"$PODS_CONFIGURATION_BUILD_DIR/nanopb\"",
					"\"${PODS_ROOT}/FirebaseAnalytics/Frameworks\"",
					"\"${PODS_ROOT}/FirebaseAuth/Frameworks\"",
					"\"${PODS_ROOT}/FirebaseCore/Frameworks\"",
					"\"${PODS_ROOT}/FirebaseDatabase/Frameworks\"",
					"\"${PODS_ROOT}/FirebaseInstanceID/Frameworks\"",
					"\"${PODS_ROOT}/FirebaseStorage/Frameworks\"\"/Users/user132086/Documents/FacebookSDK/FacebookSDKs-iOS-4\"",
				);
				INFOPLIST_FILE = Insyde/Info.plist;
				LD_RUNPATH_SEARCH_PATHS = "$(inherited) @executable_path/Frameworks";
				PRODUCT_BUNDLE_IDENTIFIER = com.tonyfiedproductions.Insyde;
				PRODUCT_NAME = "$(TARGET_NAME)";
				SWIFT_VERSION = 4.0;
				TARGETED_DEVICE_FAMILY = "1,2";
			};
			name = Debug;
		};
		ECAA17CD1FA78FAE00BF9B56 /* Release */ = {
			isa = XCBuildConfiguration;
			baseConfigurationReference = 4C97DC96FDD134FEEB6725B8 /* Pods-Insyde.release.xcconfig */;
			buildSettings = {
				ASSETCATALOG_COMPILER_APPICON_NAME = AppIcon;
				CODE_SIGN_ENTITLEMENTS = Insyde/Insyde.entitlements;
				CODE_SIGN_STYLE = Automatic;
				DEVELOPMENT_TEAM = VZC9R4H27R;
				FRAMEWORK_SEARCH_PATHS = (
					"$(inherited)",
					"\"$PODS_CONFIGURATION_BUILD_DIR/Bolts\"",
					"\"$PODS_CONFIGURATION_BUILD_DIR/FBSDKCoreKit\"",
					"\"$PODS_CONFIGURATION_BUILD_DIR/FBSDKLoginKit\"",
					"\"$PODS_CONFIGURATION_BUILD_DIR/GTMSessionFetcher\"",
					"\"$PODS_CONFIGURATION_BUILD_DIR/GoogleToolboxForMac\"",
					"\"$PODS_CONFIGURATION_BUILD_DIR/leveldb-library\"",
					"\"$PODS_CONFIGURATION_BUILD_DIR/nanopb\"",
					"\"${PODS_ROOT}/FirebaseAnalytics/Frameworks\"",
					"\"${PODS_ROOT}/FirebaseAuth/Frameworks\"",
					"\"${PODS_ROOT}/FirebaseCore/Frameworks\"",
					"\"${PODS_ROOT}/FirebaseDatabase/Frameworks\"",
					"\"${PODS_ROOT}/FirebaseInstanceID/Frameworks\"",
					"\"${PODS_ROOT}/FirebaseStorage/Frameworks\"\"/Users/user132086/Documents/FacebookSDK/FacebookSDKs-iOS-4\"",
				);
				INFOPLIST_FILE = Insyde/Info.plist;
				LD_RUNPATH_SEARCH_PATHS = "$(inherited) @executable_path/Frameworks";
				PRODUCT_BUNDLE_IDENTIFIER = com.tonyfiedproductions.Insyde;
				PRODUCT_NAME = "$(TARGET_NAME)";
				SWIFT_VERSION = 4.0;
				TARGETED_DEVICE_FAMILY = "1,2";
			};
			name = Release;
		};
/* End XCBuildConfiguration section */

/* Begin XCConfigurationList section */
		ECAA17B41FA78FAD00BF9B56 /* Build configuration list for PBXProject "Insyde" */ = {
			isa = XCConfigurationList;
			buildConfigurations = (
				ECAA17C91FA78FAE00BF9B56 /* Debug */,
				ECAA17CA1FA78FAE00BF9B56 /* Release */,
			);
			defaultConfigurationIsVisible = 0;
			defaultConfigurationName = Release;
		};
		ECAA17CB1FA78FAE00BF9B56 /* Build configuration list for PBXNativeTarget "Insyde" */ = {
			isa = XCConfigurationList;
			buildConfigurations = (
				ECAA17CC1FA78FAE00BF9B56 /* Debug */,
				ECAA17CD1FA78FAE00BF9B56 /* Release */,
			);
			defaultConfigurationIsVisible = 0;
			defaultConfigurationName = Release;
		};
/* End XCConfigurationList section */
	};
	rootObject = ECAA17B11FA78FAD00BF9B56 /* Project object */;
}
